
Microsoft Visual Studio Solution File, Format Version 12.00
# Visual Studio 14
VisualStudioVersion = 14.0.24720.0
MinimumVisualStudioVersion = 10.0.40219.1
Project("{FAE04EC0-301F-11D3-BF4B-00C04F79EFBC}") = "testSocket", "testSocket\testSocket.csproj", "{AC12BE7B-CFA3-4BB0-9644-59D026FD0A8D}"
EndProject
Project("{FAE04EC0-301F-11D3-BF4B-00C04F79EFBC}") = "testPomelo", "testPomelo\testPomelo.csproj", "{42865EA7-C26F-4BF6-AC0C-B3615161EFE6}"
EndProject
Global
	GlobalSection(SolutionConfigurationPlatforms) = preSolution
		Debug|Any CPU = Debug|Any CPU
		Release|Any CPU = Release|Any CPU
	EndGlobalSection
	GlobalSection(ProjectConfigurationPlatforms) = postSolution
		{AC12BE7B-CFA3-4BB0-9644-59D026FD0A8D}.Debug|Any CPU.ActiveCfg = Debug|Any CPU
		{AC12BE7B-CFA3-4BB0-9644-59D026FD0A8D}.Debug|Any CPU.Build.0 = Debug|Any CPU
		{AC12BE7B-CFA3-4BB0-9644-59D026FD0A8D}.Release|Any CPU.ActiveCfg = Release|Any CPU
		{AC12BE7B-CFA3-4BB0-9644-59D026FD0A8D}.Release|Any CPU.Build.0 = Release|Any CPU
		{42865EA7-C26F-4BF6-AC0C-B3615161EFE6}.Debug|Any CPU.ActiveCfg = Debug|Any CPU
		{42865EA7-C26F-4BF6-AC0C-B3615161EFE6}.Debug|Any CPU.Build.0 = Debug|Any CPU
		{42865EA7-C26F-4BF6-AC0C-B3615161EFE6}.Release|Any CPU.ActiveCfg = Release|Any CPU
		{42865EA7-C26F-4BF6-AC0C-B3615161EFE6}.Release|Any CPU.Build.0 = Release|Any CPU
	EndGlobalSection
	GlobalSection(SolutionProperties) = preSolution
		HideSolutionNode = FALSE
	EndGlobalSection
EndGlobal
